// !$*UTF8*$!
{
	archiveVersion = 1;
	classes = {
	};
	objectVersion = 46;
	objects = {

/* Begin PBXBuildFile section */
		E451D6FE19EEB9130091FAD4 /* Place.swift in Sources */ = {isa = PBXBuildFile; fileRef = E451D6FD19EEB9130091FAD4 /* Place.swift */; };
		E456191B1993A1DC00A38730 /* AppDelegate.swift in Sources */ = {isa = PBXBuildFile; fileRef = E456191A1993A1DC00A38730 /* AppDelegate.swift */; };
		E456191D1993A1DC00A38730 /* ViewController.swift in Sources */ = {isa = PBXBuildFile; fileRef = E456191C1993A1DC00A38730 /* ViewController.swift */; };
		E45619201993A1DC00A38730 /* Main.storyboard in Resources */ = {isa = PBXBuildFile; fileRef = E456191E1993A1DC00A38730 /* Main.storyboard */; };
		E45619221993A1DC00A38730 /* Images.xcassets in Resources */ = {isa = PBXBuildFile; fileRef = E45619211993A1DC00A38730 /* Images.xcassets */; };
		E456192E1993A1DC00A38730 /* EfficientJSONTests.swift in Sources */ = {isa = PBXBuildFile; fileRef = E456192D1993A1DC00A38730 /* EfficientJSONTests.swift */; };
		E45619381993A20C00A38730 /* JSONSwift.swift in Sources */ = {isa = PBXBuildFile; fileRef = E45619371993A20C00A38730 /* JSONSwift.swift */; };
		E474FEB219EBFE4200FDACAB /* User.swift in Sources */ = {isa = PBXBuildFile; fileRef = E474FEB119EBFE4200FDACAB /* User.swift */; };
		E4BF2D1319EFA3F800E4FC48 /* RespondParse.swift in Sources */ = {isa = PBXBuildFile; fileRef = E4BF2D1219EFA3F800E4FC48 /* RespondParse.swift */; };
		E4BF2D1519EFB98F00E4FC48 /* Blog.swift in Sources */ = {isa = PBXBuildFile; fileRef = E4BF2D1419EFB98F00E4FC48 /* Blog.swift */; };
		E4D8C8B11998E37E00546F77 /* Result.swift in Sources */ = {isa = PBXBuildFile; fileRef = E4D8C8B01998E37E00546F77 /* Result.swift */; };
/* End PBXBuildFile section */

/* Begin PBXContainerItemProxy section */
		E45619281993A1DC00A38730 /* PBXContainerItemProxy */ = {
			isa = PBXContainerItemProxy;
			containerPortal = E456190D1993A1DC00A38730 /* Project object */;
			proxyType = 1;
			remoteGlobalIDString = E45619141993A1DC00A38730;
			remoteInfo = EfficientJSON;
		};
/* End PBXContainerItemProxy section */

/* Begin PBXFileReference section */
		E408AB4E19F7DFD700AB4CF9 /* EffisientJSONEmbeddedANDArrays.playground */ = {isa = PBXFileReference; lastKnownFileType = file.playground; path = EffisientJSONEmbeddedANDArrays.playground; sourceTree = "<group>"; };
		E447329F19F6A86100B14C7D /* EfficientJSONRealLife.playground */ = {isa = PBXFileReference; lastKnownFileType = file.playground; path = EfficientJSONRealLife.playground; sourceTree = "<group>"; };
		E451D6FD19EEB9130091FAD4 /* Place.swift */ = {isa = PBXFileReference; fileEncoding = 4; lastKnownFileType = sourcecode.swift; path = Place.swift; sourceTree = "<group>"; };
		E45619151993A1DC00A38730 /* EfficientJSON.app */ = {isa = PBXFileReference; explicitFileType = wrapper.application; includeInIndex = 0; path = EfficientJSON.app; sourceTree = BUILT_PRODUCTS_DIR; };
		E45619191993A1DC00A38730 /* Info.plist */ = {isa = PBXFileReference; lastKnownFileType = text.plist.xml; path = Info.plist; sourceTree = "<group>"; };
		E456191A1993A1DC00A38730 /* AppDelegate.swift */ = {isa = PBXFileReference; lastKnownFileType = sourcecode.swift; path = AppDelegate.swift; sourceTree = "<group>"; };
		E456191C1993A1DC00A38730 /* ViewController.swift */ = {isa = PBXFileReference; lastKnownFileType = sourcecode.swift; path = ViewController.swift; sourceTree = "<group>"; };
		E456191F1993A1DC00A38730 /* Base */ = {isa = PBXFileReference; lastKnownFileType = file.storyboard; name = Base; path = Base.lproj/Main.storyboard; sourceTree = "<group>"; };
		E45619211993A1DC00A38730 /* Images.xcassets */ = {isa = PBXFileReference; lastKnownFileType = folder.assetcatalog; path = Images.xcassets; sourceTree = "<group>"; };
		E45619271993A1DC00A38730 /* EfficientJSONTests.xctest */ = {isa = PBXFileReference; explicitFileType = wrapper.cfbundle; includeInIndex = 0; path = EfficientJSONTests.xctest; sourceTree = BUILT_PRODUCTS_DIR; };
		E456192C1993A1DC00A38730 /* Info.plist */ = {isa = PBXFileReference; lastKnownFileType = text.plist.xml; path = Info.plist; sourceTree = "<group>"; };
		E456192D1993A1DC00A38730 /* EfficientJSONTests.swift */ = {isa = PBXFileReference; lastKnownFileType = sourcecode.swift; path = EfficientJSONTests.swift; sourceTree = "<group>"; };
		E45619371993A20C00A38730 /* JSONSwift.swift */ = {isa = PBXFileReference; fileEncoding = 4; lastKnownFileType = sourcecode.swift; path = JSONSwift.swift; sourceTree = "<group>"; };
		E474FEB019EBF2EE00FDACAB /* EfficientJSON.playground */ = {isa = PBXFileReference; lastKnownFileType = file.playground; path = EfficientJSON.playground; sourceTree = "<group>"; };
		E474FEB119EBFE4200FDACAB /* User.swift */ = {isa = PBXFileReference; fileEncoding = 4; lastKnownFileType = sourcecode.swift; path = User.swift; sourceTree = "<group>"; };
		E49CBC0619EC0DB200253340 /* EfficientJSONBLOG.playground */ = {isa = PBXFileReference; lastKnownFileType = file.playground; path = EfficientJSONBLOG.playground; sourceTree = "<group>"; };
		E4BF2D1219EFA3F800E4FC48 /* RespondParse.swift */ = {isa = PBXFileReference; fileEncoding = 4; lastKnownFileType = sourcecode.swift; path = RespondParse.swift; sourceTree = "<group>"; };
		E4BF2D1419EFB98F00E4FC48 /* Blog.swift */ = {isa = PBXFileReference; fileEncoding = 4; lastKnownFileType = sourcecode.swift; path = Blog.swift; sourceTree = "<group>"; };
		E4CE367C19F96B3700D95C53 /* EfficientJSONBlogs.playground */ = {isa = PBXFileReference; lastKnownFileType = file.playground; path = EfficientJSONBlogs.playground; sourceTree = "<group>"; };
		E4D8C8B01998E37E00546F77 /* Result.swift */ = {isa = PBXFileReference; fileEncoding = 4; lastKnownFileType = sourcecode.swift; path = Result.swift; sourceTree = "<group>"; };
/* End PBXFileReference section */

/* Begin PBXFrameworksBuildPhase section */
		E45619121993A1DC00A38730 /* Frameworks */ = {
			isa = PBXFrameworksBuildPhase;
			buildActionMask = 2147483647;
			files = (
			);
			runOnlyForDeploymentPostprocessing = 0;
		};
		E45619241993A1DC00A38730 /* Frameworks */ = {
			isa = PBXFrameworksBuildPhase;
			buildActionMask = 2147483647;
			files = (
			);
			runOnlyForDeploymentPostprocessing = 0;
		};
/* End PBXFrameworksBuildPhase section */

/* Begin PBXGroup section */
		E44732A019F6A87A00B14C7D /* Playgrounds */ = {
			isa = PBXGroup;
			children = (
				E4CE367C19F96B3700D95C53 /* EfficientJSONBlogs.playground */,
				E447329F19F6A86100B14C7D /* EfficientJSONRealLife.playground */,
				E408AB4E19F7DFD700AB4CF9 /* EffisientJSONEmbeddedANDArrays.playground */,
				E474FEB019EBF2EE00FDACAB /* EfficientJSON.playground */,
				E49CBC0619EC0DB200253340 /* EfficientJSONBLOG.playground */,
			);
			name = Playgrounds;
			sourceTree = "<group>";
		};
		E456190C1993A1DC00A38730 = {
			isa = PBXGroup;
			children = (
				E45619171993A1DC00A38730 /* EfficientJSON */,
				E456192A1993A1DC00A38730 /* EfficientJSONTests */,
				E45619161993A1DC00A38730 /* Products */,
			);
			sourceTree = "<group>";
		};
		E45619161993A1DC00A38730 /* Products */ = {
			isa = PBXGroup;
			children = (
				E45619151993A1DC00A38730 /* EfficientJSON.app */,
				E45619271993A1DC00A38730 /* EfficientJSONTests.xctest */,
			);
			name = Products;
			sourceTree = "<group>";
		};
		E45619171993A1DC00A38730 /* EfficientJSON */ = {
			isa = PBXGroup;
			children = (
				E44732A019F6A87A00B14C7D /* Playgrounds */,
				E456191C1993A1DC00A38730 /* ViewController.swift */,
				E45619371993A20C00A38730 /* JSONSwift.swift */,
				E4D8C8B01998E37E00546F77 /* Result.swift */,
				E4BF2D1219EFA3F800E4FC48 /* RespondParse.swift */,
				E45F95F319F5851200EEC199 /* Models */,
				E456191E1993A1DC00A38730 /* Main.storyboard */,
				E45619211993A1DC00A38730 /* Images.xcassets */,
				E45619181993A1DC00A38730 /* Supporting Files */,
			);
			path = EfficientJSON;
			sourceTree = "<group>";
		};
		E45619181993A1DC00A38730 /* Supporting Files */ = {
			isa = PBXGroup;
			children = (
				E456191A1993A1DC00A38730 /* AppDelegate.swift */,
				E45619191993A1DC00A38730 /* Info.plist */,
			);
			name = "Supporting Files";
			sourceTree = "<group>";
		};
		E456192A1993A1DC00A38730 /* EfficientJSONTests */ = {
			isa = PBXGroup;
			children = (
				E456192D1993A1DC00A38730 /* EfficientJSONTests.swift */,
				E456192B1993A1DC00A38730 /* Supporting Files */,
			);
			path = EfficientJSONTests;
			sourceTree = "<group>";
		};
		E456192B1993A1DC00A38730 /* Supporting Files */ = {
			isa = PBXGroup;
			children = (
				E456192C1993A1DC00A38730 /* Info.plist */,
			);
			name = "Supporting Files";
			sourceTree = "<group>";
		};
		E45F95F319F5851200EEC199 /* Models */ = {
			isa = PBXGroup;
			children = (
				E474FEB119EBFE4200FDACAB /* User.swift */,
				E4BF2D1419EFB98F00E4FC48 /* Blog.swift */,
				E451D6FD19EEB9130091FAD4 /* Place.swift */,
			);
			name = Models;
			sourceTree = "<group>";
		};
/* End PBXGroup section */

/* Begin PBXNativeTarget section */
		E45619141993A1DC00A38730 /* EfficientJSON */ = {
			isa = PBXNativeTarget;
			buildConfigurationList = E45619311993A1DC00A38730 /* Build configuration list for PBXNativeTarget "EfficientJSON" */;
			buildPhases = (
				E45619111993A1DC00A38730 /* Sources */,
				E45619121993A1DC00A38730 /* Frameworks */,
				E45619131993A1DC00A38730 /* Resources */,
			);
			buildRules = (
			);
			dependencies = (
			);
			name = EfficientJSON;
			productName = EfficientJSON;
			productReference = E45619151993A1DC00A38730 /* EfficientJSON.app */;
			productType = "com.apple.product-type.application";
		};
		E45619261993A1DC00A38730 /* EfficientJSONTests */ = {
			isa = PBXNativeTarget;
			buildConfigurationList = E45619341993A1DC00A38730 /* Build configuration list for PBXNativeTarget "EfficientJSONTests" */;
			buildPhases = (
				E45619231993A1DC00A38730 /* Sources */,
				E45619241993A1DC00A38730 /* Frameworks */,
				E45619251993A1DC00A38730 /* Resources */,
			);
			buildRules = (
			);
			dependencies = (
				E45619291993A1DC00A38730 /* PBXTargetDependency */,
			);
			name = EfficientJSONTests;
			productName = EfficientJSONTests;
			productReference = E45619271993A1DC00A38730 /* EfficientJSONTests.xctest */;
			productType = "com.apple.product-type.bundle.unit-test";
		};
/* End PBXNativeTarget section */

/* Begin PBXProject section */
		E456190D1993A1DC00A38730 /* Project object */ = {
			isa = PBXProject;
			attributes = {
				LastUpgradeCheck = 0600;
				ORGANIZATIONNAME = "Tatiana Kornilova";
				TargetAttributes = {
					E45619141993A1DC00A38730 = {
						CreatedOnToolsVersion = 6.0;
					};
					E45619261993A1DC00A38730 = {
						CreatedOnToolsVersion = 6.0;
						TestTargetID = E45619141993A1DC00A38730;
					};
				};
			};
			buildConfigurationList = E45619101993A1DC00A38730 /* Build configuration list for PBXProject "EfficientJSON" */;
			compatibilityVersion = "Xcode 3.2";
			developmentRegion = English;
			hasScannedForEncodings = 0;
			knownRegions = (
				en,
				Base,
			);
			mainGroup = E456190C1993A1DC00A38730;
			productRefGroup = E45619161993A1DC00A38730 /* Products */;
			projectDirPath = "";
			projectRoot = "";
			targets = (
				E45619141993A1DC00A38730 /* EfficientJSON */,
				E45619261993A1DC00A38730 /* EfficientJSONTests */,
			);
		};
/* End PBXProject section */

/* Begin PBXResourcesBuildPhase section */
		E45619131993A1DC00A38730 /* Resources */ = {
			isa = PBXResourcesBuildPhase;
			buildActionMask = 2147483647;
			files = (
				E45619201993A1DC00A38730 /* Main.storyboard in Resources */,
				E45619221993A1DC00A38730 /* Images.xcassets in Resources */,
			);
			runOnlyForDeploymentPostprocessing = 0;
		};
		E45619251993A1DC00A38730 /* Resources */ = {
			isa = PBXResourcesBuildPhase;
			buildActionMask = 2147483647;
			files = (
			);
			runOnlyForDeploymentPostprocessing = 0;
		};
/* End PBXResourcesBuildPhase section */

/* Begin PBXSourcesBuildPhase section */
		E45619111993A1DC00A38730 /* Sources */ = {
			isa = PBXSourcesBuildPhase;
			buildActionMask = 2147483647;
			files = (
				E45619381993A20C00A38730 /* JSONSwift.swift in Sources */,
				E4BF2D1519EFB98F00E4FC48 /* Blog.swift in Sources */,
				E456191D1993A1DC00A38730 /* ViewController.swift in Sources */,
				E4BF2D1319EFA3F800E4FC48 /* RespondParse.swift in Sources */,
				E474FEB219EBFE4200FDACAB /* User.swift in Sources */,
				E451D6FE19EEB9130091FAD4 /* Place.swift in Sources */,
				E4D8C8B11998E37E00546F77 /* Result.swift in Sources */,
				E456191B1993A1DC00A38730 /* AppDelegate.swift in Sources */,
			);
			runOnlyForDeploymentPostprocessing = 0;
		};
		E45619231993A1DC00A38730 /* Sources */ = {
			isa = PBXSourcesBuildPhase;
			buildActionMask = 2147483647;
			files = (
				E456192E1993A1DC00A38730 /* EfficientJSONTests.swift in Sources */,
			);
			runOnlyForDeploymentPostprocessing = 0;
		};
/* End PBXSourcesBuildPhase section */

/* Begin PBXTargetDependency section */
		E45619291993A1DC00A38730 /* PBXTargetDependency */ = {
			isa = PBXTargetDependency;
			target = E45619141993A1DC00A38730 /* EfficientJSON */;
			targetProxy = E45619281993A1DC00A38730 /* PBXContainerItemProxy */;
		};
/* End PBXTargetDependency section */

/* Begin PBXVariantGroup section */
		E456191E1993A1DC00A38730 /* Main.storyboard */ = {
			isa = PBXVariantGroup;
			children = (
				E456191F1993A1DC00A38730 /* Base */,
			);
			name = Main.storyboard;
			sourceTree = "<group>";
		};
/* End PBXVariantGroup section */

/* Begin XCBuildConfiguration section */
		E456192F1993A1DC00A38730 /* Debug */ = {
			isa = XCBuildConfiguration;
			buildSettings = {
				ALWAYS_SEARCH_USER_PATHS = NO;
				CLANG_CXX_LANGUAGE_STANDARD = "gnu++0x";
				CLANG_CXX_LIBRARY = "libc++";
				CLANG_ENABLE_MODULES = YES;
				CLANG_ENABLE_OBJC_ARC = YES;
				CLANG_WARN_BOOL_CONVERSION = YES;
				CLANG_WARN_CONSTANT_CONVERSION = YES;
				CLANG_WARN_DIRECT_OBJC_ISA_USAGE = YES_ERROR;
				CLANG_WARN_EMPTY_BODY = YES;
				CLANG_WARN_ENUM_CONVERSION = YES;
				CLANG_WARN_INT_CONVERSION = YES;
				CLANG_WARN_OBJC_ROOT_CLASS = YES_ERROR;
				CLANG_WARN_UNREACHABLE_CODE = YES;
				CLANG_WARN__DUPLICATE_METHOD_MATCH = YES;
				"CODE_SIGN_IDENTITY[sdk=iphoneos*]" = "iPhone Developer";
				COPY_PHASE_STRIP = NO;
				ENABLE_STRICT_OBJC_MSGSEND = YES;
				GCC_C_LANGUAGE_STANDARD = gnu99;
				GCC_DYNAMIC_NO_PIC = NO;
				GCC_OPTIMIZATION_LEVEL = 0;
				GCC_PREPROCESSOR_DEFINITIONS = (
					"DEBUG=1",
					"$(inherited)",
				);
				GCC_SYMBOLS_PRIVATE_EXTERN = NO;
				GCC_WARN_64_TO_32_BIT_CONVERSION = YES;
				GCC_WARN_ABOUT_RETURN_TYPE = YES_ERROR;
				GCC_WARN_UNDECLARED_SELECTOR = YES;
				GCC_WARN_UNINITIALIZED_AUTOS = YES_AGGRESSIVE;
				GCC_WARN_UNUSED_FUNCTION = YES;
				GCC_WARN_UNUSED_VARIABLE = YES;
				IPHONEOS_DEPLOYMENT_TARGET = 8.0;
				MTL_ENABLE_DEBUG_INFO = YES;
				ONLY_ACTIVE_ARCH = YES;
				SDKROOT = iphoneos;
				SWIFT_OPTIMIZATION_LEVEL = "-Onone";
			};
			name = Debug;
		};
		E45619301993A1DC00A38730 /* Release */ = {
			isa = XCBuildConfiguration;
			buildSettings = {
				ALWAYS_SEARCH_USER_PATHS = NO;
				CLANG_CXX_LANGUAGE_STANDARD = "gnu++0x";
				CLANG_CXX_LIBRARY = "libc++";
				CLANG_ENABLE_MODULES = YES;
				CLANG_ENABLE_OBJC_ARC = YES;
				CLANG_WARN_BOOL_CONVERSION = YES;
				CLANG_WARN_CONSTANT_CONVERSION = YES;
				CLANG_WARN_DIRECT_OBJC_ISA_USAGE = YES_ERROR;
				CLANG_WARN_EMPTY_BODY = YES;
				CLANG_WARN_ENUM_CONVERSION = YES;
				CLANG_WARN_INT_CONVERSION = YES;
				CLANG_WARN_OBJC_ROOT_CLASS = YES_ERROR;
				CLANG_WARN_UNREACHABLE_CODE = YES;
				CLANG_WARN__DUPLICATE_METHOD_MATCH = YES;
				"CODE_SIGN_IDENTITY[sdk=iphoneos*]" = "iPhone Developer";
				COPY_PHASE_STRIP = YES;
				ENABLE_NS_ASSERTIONS = NO;
				ENABLE_STRICT_OBJC_MSGSEND = YES;
				GCC_C_LANGUAGE_STANDARD = gnu99;
				GCC_WARN_64_TO_32_BIT_CONVERSION = YES;
				GCC_WARN_ABOUT_RETURN_TYPE = YES_ERROR;
				GCC_WARN_UNDECLARED_SELECTOR = YES;
				GCC_WARN_UNINITIALIZED_AUTOS = YES_AGGRESSIVE;
				GCC_WARN_UNUSED_FUNCTION = YES;
				GCC_WARN_UNUSED_VARIABLE = YES;
				IPHONEOS_DEPLOYMENT_TARGET = 8.0;
				MTL_ENABLE_DEBUG_INFO = NO;
				SDKROOT = iphoneos;
				VALIDATE_PRODUCT = YES;
			};
			name = Release;
		};
		E45619321993A1DC00A38730 /* Debug */ = {
			isa = XCBuildConfiguration;
			buildSettings = {
				ASSETCATALOG_COMPILER_APPICON_NAME = AppIcon;
				ASSETCATALOG_COMPILER_LAUNCHIMAGE_NAME = LaunchImage;
				INFOPLIST_FILE = EfficientJSON/Info.plist;
				LD_RUNPATH_SEARCH_PATHS = "$(inherited) @executable_path/Frameworks";
				PRODUCT_NAME = "$(TARGET_NAME)";
			};
			name = Debug;
		};
		E45619331993A1DC00A38730 /* Release */ = {
			isa = XCBuildConfiguration;
			buildSettings = {
				ASSETCATALOG_COMPILER_APPICON_NAME = AppIcon;
				ASSETCATALOG_COMPILER_LAUNCHIMAGE_NAME = LaunchImage;
				INFOPLIST_FILE = EfficientJSON/Info.plist;
				LD_RUNPATH_SEARCH_PATHS = "$(inherited) @executable_path/Frameworks";
				PRODUCT_NAME = "$(TARGET_NAME)";
			};
			name = Release;
		};
		E45619351993A1DC00A38730 /* Debug */ = {
			isa = XCBuildConfiguration;
			buildSettings = {
				BUNDLE_LOADER = "$(TEST_HOST)";
				FRAMEWORK_SEARCH_PATHS = (
					"$(SDKROOT)/Developer/Library/Frameworks",
					"$(inherited)",
				);
				GCC_PREPROCESSOR_DEFINITIONS = (
					"DEBUG=1",
					"$(inherited)",
				);
				INFOPLIST_FILE = EfficientJSONTests/Info.plist;
				LD_RUNPATH_SEARCH_PATHS = "$(inherited) @executable_path/Frameworks @loader_path/Frameworks";
				PRODUCT_NAME = "$(TARGET_NAME)";
				TEST_HOST = "$(BUILT_PRODUCTS_DIR)/EfficientJSON.app/EfficientJSON";
			};
			name = Debug;
		};
		E45619361993A1DC00A38730 /* Release */ = {
			isa = XCBuildConfiguration;
			buildSettings = {
				BUNDLE_LOADER = "$(TEST_HOST)";
				FRAMEWORK_SEARCH_PATHS = (
					"$(SDKROOT)/Developer/Library/Frameworks",
					"$(inherited)",
				);
				INFOPLIST_FILE = EfficientJSONTests/Info.plist;
				LD_RUNPATH_SEARCH_PATHS = "$(inherited) @executable_path/Frameworks @loader_path/Frameworks";
				PRODUCT_NAME = "$(TARGET_NAME)";
				TEST_HOST = "$(BUILT_PRODUCTS_DIR)/EfficientJSON.app/EfficientJSON";
			};
			name = Release;
		};
/* End XCBuildConfiguration section */

/* Begin XCConfigurationList section */
		E45619101993A1DC00A38730 /* Build configuration list for PBXProject "EfficientJSON" */ = {
			isa = XCConfigurationList;
			buildConfigurations = (
				E456192F1993A1DC00A38730 /* Debug */,
				E45619301993A1DC00A38730 /* Release */,
			);
			defaultConfigurationIsVisible = 0;
			defaultConfigurationName = Release;
		};
		E45619311993A1DC00A38730 /* Build configuration list for PBXNativeTarget "EfficientJSON" */ = {
			isa = XCConfigurationList;
			buildConfigurations = (
				E45619321993A1DC00A38730 /* Debug */,
				E45619331993A1DC00A38730 /* Release */,
			);
			defaultConfigurationIsVisible = 0;
			defaultConfigurationName = Release;
		};
		E45619341993A1DC00A38730 /* Build configuration list for PBXNativeTarget "EfficientJSONTests" */ = {
			isa = XCConfigurationList;
			buildConfigurations = (
				E45619351993A1DC00A38730 /* Debug */,
				E45619361993A1DC00A38730 /* Release */,
			);
			defaultConfigurationIsVisible = 0;
			defaultConfigurationName = Release;
		};
/* End XCConfigurationList section */
	};
	rootObject = E456190D1993A1DC00A38730 /* Project object */;
}
